// !$*UTF8*$!
{
	archiveVersion = 1;
	classes = {
	};
	objectVersion = 52;
	objects = {

/* Begin PBXBuildFile section */
		9E38140926265D0600DBE310 /* BonkLinkApp.swift in Sources */ = {isa = PBXBuildFile; fileRef = 9E38140826265D0600DBE310 /* BonkLinkApp.swift */; };
		9E38140B26265D0600DBE310 /* ContentView.swift in Sources */ = {isa = PBXBuildFile; fileRef = 9E38140A26265D0600DBE310 /* ContentView.swift */; };
		9E38140D26265D0700DBE310 /* Assets.xcassets in Resources */ = {isa = PBXBuildFile; fileRef = 9E38140C26265D0700DBE310 /* Assets.xcassets */; };
		9E38141026265D0700DBE310 /* Preview Assets.xcassets in Resources */ = {isa = PBXBuildFile; fileRef = 9E38140F26265D0700DBE310 /* Preview Assets.xcassets */; };
		9E38141A262661C700DBE310 /* Realm in Frameworks */ = {isa = PBXBuildFile; productRef = 9E381419262661C700DBE310 /* Realm */; };
		9E38141C262661C700DBE310 /* RealmSwift in Frameworks */ = {isa = PBXBuildFile; productRef = 9E38141B262661C700DBE310 /* RealmSwift */; };
		9E38141F262664F500DBE310 /* AppState.swift in Sources */ = {isa = PBXBuildFile; fileRef = 9E38141E262664F500DBE310 /* AppState.swift */; };
		9E38142226267BB200DBE310 /* User.swift in Sources */ = {isa = PBXBuildFile; fileRef = 9E38142126267BB200DBE310 /* User.swift */; };
		9E3814262626931700DBE310 /* Preferences.swift in Sources */ = {isa = PBXBuildFile; fileRef = 9E3814252626931700DBE310 /* Preferences.swift */; };
		9E3814292626934300DBE310 /* UserPhoto.swift in Sources */ = {isa = PBXBuildFile; fileRef = 9E3814282626934300DBE310 /* UserPhoto.swift */; };
		9E38142F2626D46600DBE310 /* Login.swift in Sources */ = {isa = PBXBuildFile; fileRef = 9E38142E2626D46600DBE310 /* Login.swift */; };
		BF6536A3262CF01F0054E29F /* LogoutButton.swift in Sources */ = {isa = PBXBuildFile; fileRef = BF6536A2262CF01F0054E29F /* LogoutButton.swift */; };
		BF6536A6262CF0470054E29F /* UserAvatarView.swift in Sources */ = {isa = PBXBuildFile; fileRef = BF6536A5262CF0470054E29F /* UserAvatarView.swift */; };
		BF6536A9262CF0670054E29F /* UserProfileButton.swift in Sources */ = {isa = PBXBuildFile; fileRef = BF6536A8262CF0670054E29F /* UserProfileButton.swift */; };
		BF6536AC262CF0970054E29F /* OnlineAlertSettings.swift in Sources */ = {isa = PBXBuildFile; fileRef = BF6536AB262CF0970054E29F /* OnlineAlertSettings.swift */; };
		BF6536AF262CF1180054E29F /* SetProfileView.swift in Sources */ = {isa = PBXBuildFile; fileRef = BF6536AE262CF1180054E29F /* SetProfileView.swift */; };
		BF6536F5262D120F0054E29F /* PreviewHelpers.swift in Sources */ = {isa = PBXBuildFile; fileRef = BF6536F4262D120F0054E29F /* PreviewHelpers.swift */; };
		BF6536F9262D139C0054E29F /* PhotoCaptureController.swift in Sources */ = {isa = PBXBuildFile; fileRef = BF6536F8262D139C0054E29F /* PhotoCaptureController.swift */; };
		BF6536FD262D14ED0054E29F /* BackButton.swift in Sources */ = {isa = PBXBuildFile; fileRef = BF6536FC262D14ED0054E29F /* BackButton.swift */; };
		BF653702262D158F0054E29F /* AvatarButton.swift in Sources */ = {isa = PBXBuildFile; fileRef = BF653701262D158F0054E29F /* AvatarButton.swift */; };
		BF653705262D15CB0054E29F /* AvatarThumbNailView.swift in Sources */ = {isa = PBXBuildFile; fileRef = BF653704262D15CB0054E29F /* AvatarThumbNailView.swift */; };
		BF653708262D15F30054E29F /* ThumbNailView.swift in Sources */ = {isa = PBXBuildFile; fileRef = BF653707262D15F30054E29F /* ThumbNailView.swift */; };
		BF65370B262D161A0054E29F /* Thumbnail.swift in Sources */ = {isa = PBXBuildFile; fileRef = BF65370A262D161A0054E29F /* Thumbnail.swift */; };
		BF65370E262D16760054E29F /* CallToActionButton.swift in Sources */ = {isa = PBXBuildFile; fileRef = BF65370D262D16760054E29F /* CallToActionButton.swift */; };
		BF653711262D16CA0054E29F /* InputField.swift in Sources */ = {isa = PBXBuildFile; fileRef = BF653710262D16CA0054E29F /* InputField.swift */; };
		BF653714262D17000054E29F /* CaptionLabel.swift in Sources */ = {isa = PBXBuildFile; fileRef = BF653713262D17000054E29F /* CaptionLabel.swift */; };
		BF653717262D188A0054E29F /* LocationHelper.swift in Sources */ = {isa = PBXBuildFile; fileRef = BF653716262D188A0054E29F /* LocationHelper.swift */; };
		BF653720262D1B610054E29F /* SampleData.swift in Sources */ = {isa = PBXBuildFile; fileRef = BF65371F262D1B610054E29F /* SampleData.swift */; };
/* End PBXBuildFile section */

/* Begin PBXFileReference section */
		9E38140526265D0600DBE310 /* BonkLink.app */ = {isa = PBXFileReference; explicitFileType = wrapper.application; includeInIndex = 0; path = BonkLink.app; sourceTree = BUILT_PRODUCTS_DIR; };
		9E38140826265D0600DBE310 /* BonkLinkApp.swift */ = {isa = PBXFileReference; lastKnownFileType = sourcecode.swift; path = BonkLinkApp.swift; sourceTree = "<group>"; };
		9E38140A26265D0600DBE310 /* ContentView.swift */ = {isa = PBXFileReference; lastKnownFileType = sourcecode.swift; path = ContentView.swift; sourceTree = "<group>"; };
		9E38140C26265D0700DBE310 /* Assets.xcassets */ = {isa = PBXFileReference; lastKnownFileType = folder.assetcatalog; path = Assets.xcassets; sourceTree = "<group>"; };
		9E38140F26265D0700DBE310 /* Preview Assets.xcassets */ = {isa = PBXFileReference; lastKnownFileType = folder.assetcatalog; path = "Preview Assets.xcassets"; sourceTree = "<group>"; };
		9E38141126265D0700DBE310 /* Info.plist */ = {isa = PBXFileReference; lastKnownFileType = text.plist.xml; path = Info.plist; sourceTree = "<group>"; };
		9E38141E262664F500DBE310 /* AppState.swift */ = {isa = PBXFileReference; lastKnownFileType = sourcecode.swift; path = AppState.swift; sourceTree = "<group>"; };
		9E38142126267BB200DBE310 /* User.swift */ = {isa = PBXFileReference; lastKnownFileType = sourcecode.swift; path = User.swift; sourceTree = "<group>"; };
		9E3814252626931700DBE310 /* Preferences.swift */ = {isa = PBXFileReference; lastKnownFileType = sourcecode.swift; path = Preferences.swift; sourceTree = "<group>"; };
		9E3814282626934300DBE310 /* UserPhoto.swift */ = {isa = PBXFileReference; lastKnownFileType = sourcecode.swift; path = UserPhoto.swift; sourceTree = "<group>"; };
		9E38142E2626D46600DBE310 /* Login.swift */ = {isa = PBXFileReference; lastKnownFileType = sourcecode.swift; path = Login.swift; sourceTree = "<group>"; };
		BF6536A2262CF01F0054E29F /* LogoutButton.swift */ = {isa = PBXFileReference; lastKnownFileType = sourcecode.swift; path = LogoutButton.swift; sourceTree = "<group>"; };
		BF6536A5262CF0470054E29F /* UserAvatarView.swift */ = {isa = PBXFileReference; lastKnownFileType = sourcecode.swift; path = UserAvatarView.swift; sourceTree = "<group>"; };
		BF6536A8262CF0670054E29F /* UserProfileButton.swift */ = {isa = PBXFileReference; lastKnownFileType = sourcecode.swift; path = UserProfileButton.swift; sourceTree = "<group>"; };
		BF6536AB262CF0970054E29F /* OnlineAlertSettings.swift */ = {isa = PBXFileReference; lastKnownFileType = sourcecode.swift; path = OnlineAlertSettings.swift; sourceTree = "<group>"; };
		BF6536AE262CF1180054E29F /* SetProfileView.swift */ = {isa = PBXFileReference; lastKnownFileType = sourcecode.swift; path = SetProfileView.swift; sourceTree = "<group>"; };
		BF6536F4262D120F0054E29F /* PreviewHelpers.swift */ = {isa = PBXFileReference; lastKnownFileType = sourcecode.swift; path = PreviewHelpers.swift; sourceTree = "<group>"; };
		BF6536F8262D139C0054E29F /* PhotoCaptureController.swift */ = {isa = PBXFileReference; lastKnownFileType = sourcecode.swift; path = PhotoCaptureController.swift; sourceTree = "<group>"; };
		BF6536FC262D14ED0054E29F /* BackButton.swift */ = {isa = PBXFileReference; lastKnownFileType = sourcecode.swift; path = BackButton.swift; sourceTree = "<group>"; };
		BF653701262D158F0054E29F /* AvatarButton.swift */ = {isa = PBXFileReference; lastKnownFileType = sourcecode.swift; path = AvatarButton.swift; sourceTree = "<group>"; };
		BF653704262D15CB0054E29F /* AvatarThumbNailView.swift */ = {isa = PBXFileReference; lastKnownFileType = sourcecode.swift; path = AvatarThumbNailView.swift; sourceTree = "<group>"; };
		BF653707262D15F30054E29F /* ThumbNailView.swift */ = {isa = PBXFileReference; lastKnownFileType = sourcecode.swift; path = ThumbNailView.swift; sourceTree = "<group>"; };
		BF65370A262D161A0054E29F /* Thumbnail.swift */ = {isa = PBXFileReference; lastKnownFileType = sourcecode.swift; path = Thumbnail.swift; sourceTree = "<group>"; };
		BF65370D262D16760054E29F /* CallToActionButton.swift */ = {isa = PBXFileReference; lastKnownFileType = sourcecode.swift; path = CallToActionButton.swift; sourceTree = "<group>"; };
		BF653710262D16CA0054E29F /* InputField.swift */ = {isa = PBXFileReference; lastKnownFileType = sourcecode.swift; path = InputField.swift; sourceTree = "<group>"; };
		BF653713262D17000054E29F /* CaptionLabel.swift */ = {isa = PBXFileReference; lastKnownFileType = sourcecode.swift; path = CaptionLabel.swift; sourceTree = "<group>"; };
		BF653716262D188A0054E29F /* LocationHelper.swift */ = {isa = PBXFileReference; lastKnownFileType = sourcecode.swift; path = LocationHelper.swift; sourceTree = "<group>"; };
		BF65371F262D1B610054E29F /* SampleData.swift */ = {isa = PBXFileReference; lastKnownFileType = sourcecode.swift; path = SampleData.swift; sourceTree = "<group>"; };
/* End PBXFileReference section */

/* Begin PBXFrameworksBuildPhase section */
		9E38140226265D0600DBE310 /* Frameworks */ = {
			isa = PBXFrameworksBuildPhase;
			buildActionMask = 2147483647;
			files = (
				9E38141C262661C700DBE310 /* RealmSwift in Frameworks */,
				9E38141A262661C700DBE310 /* Realm in Frameworks */,
			);
			runOnlyForDeploymentPostprocessing = 0;
		};
/* End PBXFrameworksBuildPhase section */

/* Begin PBXGroup section */
		9E3813FC26265D0600DBE310 = {
			isa = PBXGroup;
			children = (
				9E38140726265D0600DBE310 /* BonkLink */,
				9E38140626265D0600DBE310 /* Products */,
			);
			sourceTree = "<group>";
		};
		9E38140626265D0600DBE310 /* Products */ = {
			isa = PBXGroup;
			children = (
				9E38140526265D0600DBE310 /* BonkLink.app */,
			);
			name = Products;
			sourceTree = "<group>";
		};
		9E38140726265D0600DBE310 /* BonkLink */ = {
			isa = PBXGroup;
			children = (
				BF6536FB262D14D70054E29F /* Components */,
				BF6536F7262D13820054E29F /* Helpers */,
				BF6536F3262D11E30054E29F /* Preview Content  */,
				9E38141E262664F500DBE310 /* AppState.swift */,
				9E38142C2626D2CE00DBE310 /* Models */,
				9E38142B2626D2BD00DBE310 /* Views */,
				9E38140826265D0600DBE310 /* BonkLinkApp.swift */,
				9E38140C26265D0700DBE310 /* Assets.xcassets */,
				9E38141126265D0700DBE310 /* Info.plist */,
				9E38140E26265D0700DBE310 /* Preview Content */,
			);
			path = BonkLink;
			sourceTree = "<group>";
		};
		9E38140E26265D0700DBE310 /* Preview Content */ = {
			isa = PBXGroup;
			children = (
				9E38140F26265D0700DBE310 /* Preview Assets.xcassets */,
			);
			path = "Preview Content";
			sourceTree = "<group>";
		};
		9E38142B2626D2BD00DBE310 /* Views */ = {
			isa = PBXGroup;
			children = (
				BF65369C262CEB490054E29F /* User & Profle Shit */,
				9E38140A26265D0600DBE310 /* ContentView.swift */,
			);
			path = Views;
			sourceTree = "<group>";
		};
		9E38142C2626D2CE00DBE310 /* Models */ = {
			isa = PBXGroup;
			children = (
				9E3814282626934300DBE310 /* UserPhoto.swift */,
				9E38142126267BB200DBE310 /* User.swift */,
				9E3814252626931700DBE310 /* Preferences.swift */,
			);
			path = Models;
			sourceTree = "<group>";
		};
		BF65369C262CEB490054E29F /* User & Profle Shit */ = {
			isa = PBXGroup;
			children = (
				9E38142E2626D46600DBE310 /* Login.swift */,
				BF6536A2262CF01F0054E29F /* LogoutButton.swift */,
				BF6536A5262CF0470054E29F /* UserAvatarView.swift */,
				BF6536A8262CF0670054E29F /* UserProfileButton.swift */,
				BF6536AB262CF0970054E29F /* OnlineAlertSettings.swift */,
				BF6536AE262CF1180054E29F /* SetProfileView.swift */,
			);
			path = "User & Profle Shit";
			sourceTree = "<group>";
		};
		BF6536F3262D11E30054E29F /* Preview Content  */ = {
			isa = PBXGroup;
			children = (
				BF6536F4262D120F0054E29F /* PreviewHelpers.swift */,
				BF65371F262D1B610054E29F /* SampleData.swift */,
			);
			path = "Preview Content ";
			sourceTree = "<group>";
		};
		BF6536F7262D13820054E29F /* Helpers */ = {
			isa = PBXGroup;
			children = (
				BF6536F8262D139C0054E29F /* PhotoCaptureController.swift */,
				BF653716262D188A0054E29F /* LocationHelper.swift */,
			);
			path = Helpers;
			sourceTree = "<group>";
		};
		BF6536FB262D14D70054E29F /* Components */ = {
			isa = PBXGroup;
			children = (
				BF653700262D15740054E29F /* Pictures */,
				BF6536FC262D14ED0054E29F /* BackButton.swift */,
				BF65370D262D16760054E29F /* CallToActionButton.swift */,
				BF653710262D16CA0054E29F /* InputField.swift */,
				BF653713262D17000054E29F /* CaptionLabel.swift */,
			);
			path = Components;
			sourceTree = "<group>";
		};
		BF653700262D15740054E29F /* Pictures */ = {
			isa = PBXGroup;
			children = (
				BF653701262D158F0054E29F /* AvatarButton.swift */,
				BF653704262D15CB0054E29F /* AvatarThumbNailView.swift */,
				BF653707262D15F30054E29F /* ThumbNailView.swift */,
				BF65370A262D161A0054E29F /* Thumbnail.swift */,
			);
			path = Pictures;
			sourceTree = "<group>";
		};
/* End PBXGroup section */

/* Begin PBXNativeTarget section */
		9E38140426265D0600DBE310 /* BonkLink */ = {
			isa = PBXNativeTarget;
			buildConfigurationList = 9E38141426265D0700DBE310 /* Build configuration list for PBXNativeTarget "BonkLink" */;
			buildPhases = (
				9E38140126265D0600DBE310 /* Sources */,
				9E38140226265D0600DBE310 /* Frameworks */,
				9E38140326265D0600DBE310 /* Resources */,
			);
			buildRules = (
			);
			dependencies = (
			);
			name = BonkLink;
			packageProductDependencies = (
				9E381419262661C700DBE310 /* Realm */,
				9E38141B262661C700DBE310 /* RealmSwift */,
			);
			productName = BonkLink;
			productReference = 9E38140526265D0600DBE310 /* BonkLink.app */;
			productType = "com.apple.product-type.application";
		};
/* End PBXNativeTarget section */

/* Begin PBXProject section */
		9E3813FD26265D0600DBE310 /* Project object */ = {
			isa = PBXProject;
			attributes = {
				LastSwiftUpdateCheck = 1240;
				LastUpgradeCheck = 1240;
				TargetAttributes = {
					9E38140426265D0600DBE310 = {
						CreatedOnToolsVersion = 12.4;
					};
				};
			};
			buildConfigurationList = 9E38140026265D0600DBE310 /* Build configuration list for PBXProject "BonkLink" */;
			compatibilityVersion = "Xcode 9.3";
			developmentRegion = en;
			hasScannedForEncodings = 0;
			knownRegions = (
				en,
				Base,
			);
			mainGroup = 9E3813FC26265D0600DBE310;
			packageReferences = (
				9E381418262661C700DBE310 /* XCRemoteSwiftPackageReference "realm-cocoa" */,
			);
			productRefGroup = 9E38140626265D0600DBE310 /* Products */;
			projectDirPath = "";
			projectRoot = "";
			targets = (
				9E38140426265D0600DBE310 /* BonkLink */,
			);
		};
/* End PBXProject section */

/* Begin PBXResourcesBuildPhase section */
		9E38140326265D0600DBE310 /* Resources */ = {
			isa = PBXResourcesBuildPhase;
			buildActionMask = 2147483647;
			files = (
				9E38141026265D0700DBE310 /* Preview Assets.xcassets in Resources */,
				9E38140D26265D0700DBE310 /* Assets.xcassets in Resources */,
			);
			runOnlyForDeploymentPostprocessing = 0;
		};
/* End PBXResourcesBuildPhase section */

/* Begin PBXSourcesBuildPhase section */
		9E38140126265D0600DBE310 /* Sources */ = {
			isa = PBXSourcesBuildPhase;
			buildActionMask = 2147483647;
			files = (
				BF65370E262D16760054E29F /* CallToActionButton.swift in Sources */,
				BF6536A9262CF0670054E29F /* UserProfileButton.swift in Sources */,
				9E38142F2626D46600DBE310 /* Login.swift in Sources */,
				9E38142226267BB200DBE310 /* User.swift in Sources */,
				BF6536F9262D139C0054E29F /* PhotoCaptureController.swift in Sources */,
				BF6536AC262CF0970054E29F /* OnlineAlertSettings.swift in Sources */,
				9E38141F262664F500DBE310 /* AppState.swift in Sources */,
				BF653720262D1B610054E29F /* SampleData.swift in Sources */,
				BF653717262D188A0054E29F /* LocationHelper.swift in Sources */,
				BF6536F5262D120F0054E29F /* PreviewHelpers.swift in Sources */,
				BF6536A3262CF01F0054E29F /* LogoutButton.swift in Sources */,
				BF653702262D158F0054E29F /* AvatarButton.swift in Sources */,
				9E3814262626931700DBE310 /* Preferences.swift in Sources */,
				9E38140B26265D0600DBE310 /* ContentView.swift in Sources */,
				9E38140926265D0600DBE310 /* BonkLinkApp.swift in Sources */,
				BF653714262D17000054E29F /* CaptionLabel.swift in Sources */,
				BF6536A6262CF0470054E29F /* UserAvatarView.swift in Sources */,
				9E3814292626934300DBE310 /* UserPhoto.swift in Sources */,
				BF653705262D15CB0054E29F /* AvatarThumbNailView.swift in Sources */,
				BF6536AF262CF1180054E29F /* SetProfileView.swift in Sources */,
				BF653711262D16CA0054E29F /* InputField.swift in Sources */,
				BF65370B262D161A0054E29F /* Thumbnail.swift in Sources */,
				BF6536FD262D14ED0054E29F /* BackButton.swift in Sources */,
				BF653708262D15F30054E29F /* ThumbNailView.swift in Sources */,
			);
			runOnlyForDeploymentPostprocessing = 0;
		};
/* End PBXSourcesBuildPhase section */

/* Begin XCBuildConfiguration section */
		9E38141226265D0700DBE310 /* Debug */ = {
			isa = XCBuildConfiguration;
			buildSettings = {
				ALWAYS_SEARCH_USER_PATHS = NO;
				CLANG_ANALYZER_NONNULL = YES;
				CLANG_ANALYZER_NUMBER_OBJECT_CONVERSION = YES_AGGRESSIVE;
				CLANG_CXX_LANGUAGE_STANDARD = "gnu++14";
				CLANG_CXX_LIBRARY = "libc++";
				CLANG_ENABLE_MODULES = YES;
				CLANG_ENABLE_OBJC_ARC = YES;
				CLANG_ENABLE_OBJC_WEAK = YES;
				CLANG_WARN_BLOCK_CAPTURE_AUTORELEASING = YES;
				CLANG_WARN_BOOL_CONVERSION = YES;
				CLANG_WARN_COMMA = YES;
				CLANG_WARN_CONSTANT_CONVERSION = YES;
				CLANG_WARN_DEPRECATED_OBJC_IMPLEMENTATIONS = YES;
				CLANG_WARN_DIRECT_OBJC_ISA_USAGE = YES_ERROR;
				CLANG_WARN_DOCUMENTATION_COMMENTS = YES;
				CLANG_WARN_EMPTY_BODY = YES;
				CLANG_WARN_ENUM_CONVERSION = YES;
				CLANG_WARN_INFINITE_RECURSION = YES;
				CLANG_WARN_INT_CONVERSION = YES;
				CLANG_WARN_NON_LITERAL_NULL_CONVERSION = YES;
				CLANG_WARN_OBJC_IMPLICIT_RETAIN_SELF = YES;
				CLANG_WARN_OBJC_LITERAL_CONVERSION = YES;
				CLANG_WARN_OBJC_ROOT_CLASS = YES_ERROR;
				CLANG_WARN_QUOTED_INCLUDE_IN_FRAMEWORK_HEADER = YES;
				CLANG_WARN_RANGE_LOOP_ANALYSIS = YES;
				CLANG_WARN_STRICT_PROTOTYPES = YES;
				CLANG_WARN_SUSPICIOUS_MOVE = YES;
				CLANG_WARN_UNGUARDED_AVAILABILITY = YES_AGGRESSIVE;
				CLANG_WARN_UNREACHABLE_CODE = YES;
				CLANG_WARN__DUPLICATE_METHOD_MATCH = YES;
				COPY_PHASE_STRIP = NO;
				DEBUG_INFORMATION_FORMAT = dwarf;
				ENABLE_STRICT_OBJC_MSGSEND = YES;
				ENABLE_TESTABILITY = YES;
				GCC_C_LANGUAGE_STANDARD = gnu11;
				GCC_DYNAMIC_NO_PIC = NO;
				GCC_NO_COMMON_BLOCKS = YES;
				GCC_OPTIMIZATION_LEVEL = 0;
				GCC_PREPROCESSOR_DEFINITIONS = (
					"DEBUG=1",
					"$(inherited)",
				);
				GCC_WARN_64_TO_32_BIT_CONVERSION = YES;
				GCC_WARN_ABOUT_RETURN_TYPE = YES_ERROR;
				GCC_WARN_UNDECLARED_SELECTOR = YES;
				GCC_WARN_UNINITIALIZED_AUTOS = YES_AGGRESSIVE;
				GCC_WARN_UNUSED_FUNCTION = YES;
				GCC_WARN_UNUSED_VARIABLE = YES;
				IPHONEOS_DEPLOYMENT_TARGET = 14.4;
				MTL_ENABLE_DEBUG_INFO = INCLUDE_SOURCE;
				MTL_FAST_MATH = YES;
				ONLY_ACTIVE_ARCH = YES;
				SDKROOT = iphoneos;
				SWIFT_ACTIVE_COMPILATION_CONDITIONS = DEBUG;
				SWIFT_OPTIMIZATION_LEVEL = "-Onone";
			};
			name = Debug;
		};
		9E38141326265D0700DBE310 /* Release */ = {
			isa = XCBuildConfiguration;
			buildSettings = {
				ALWAYS_SEARCH_USER_PATHS = NO;
				CLANG_ANALYZER_NONNULL = YES;
				CLANG_ANALYZER_NUMBER_OBJECT_CONVERSION = YES_AGGRESSIVE;
				CLANG_CXX_LANGUAGE_STANDARD = "gnu++14";
				CLANG_CXX_LIBRARY = "libc++";
				CLANG_ENABLE_MODULES = YES;
				CLANG_ENABLE_OBJC_ARC = YES;
				CLANG_ENABLE_OBJC_WEAK = YES;
				CLANG_WARN_BLOCK_CAPTURE_AUTORELEASING = YES;
				CLANG_WARN_BOOL_CONVERSION = YES;
				CLANG_WARN_COMMA = YES;
				CLANG_WARN_CONSTANT_CONVERSION = YES;
				CLANG_WARN_DEPRECATED_OBJC_IMPLEMENTATIONS = YES;
				CLANG_WARN_DIRECT_OBJC_ISA_USAGE = YES_ERROR;
				CLANG_WARN_DOCUMENTATION_COMMENTS = YES;
				CLANG_WARN_EMPTY_BODY = YES;
				CLANG_WARN_ENUM_CONVERSION = YES;
				CLANG_WARN_INFINITE_RECURSION = YES;
				CLANG_WARN_INT_CONVERSION = YES;
				CLANG_WARN_NON_LITERAL_NULL_CONVERSION = YES;
				CLANG_WARN_OBJC_IMPLICIT_RETAIN_SELF = YES;
				CLANG_WARN_OBJC_LITERAL_CONVERSION = YES;
				CLANG_WARN_OBJC_ROOT_CLASS = YES_ERROR;
				CLANG_WARN_QUOTED_INCLUDE_IN_FRAMEWORK_HEADER = YES;
				CLANG_WARN_RANGE_LOOP_ANALYSIS = YES;
				CLANG_WARN_STRICT_PROTOTYPES = YES;
				CLANG_WARN_SUSPICIOUS_MOVE = YES;
				CLANG_WARN_UNGUARDED_AVAILABILITY = YES_AGGRESSIVE;
				CLANG_WARN_UNREACHABLE_CODE = YES;
				CLANG_WARN__DUPLICATE_METHOD_MATCH = YES;
				COPY_PHASE_STRIP = NO;
				DEBUG_INFORMATION_FORMAT = "dwarf-with-dsym";
				ENABLE_NS_ASSERTIONS = NO;
				ENABLE_STRICT_OBJC_MSGSEND = YES;
				GCC_C_LANGUAGE_STANDARD = gnu11;
				GCC_NO_COMMON_BLOCKS = YES;
				GCC_WARN_64_TO_32_BIT_CONVERSION = YES;
				GCC_WARN_ABOUT_RETURN_TYPE = YES_ERROR;
				GCC_WARN_UNDECLARED_SELECTOR = YES;
				GCC_WARN_UNINITIALIZED_AUTOS = YES_AGGRESSIVE;
				GCC_WARN_UNUSED_FUNCTION = YES;
				GCC_WARN_UNUSED_VARIABLE = YES;
				IPHONEOS_DEPLOYMENT_TARGET = 14.4;
				MTL_ENABLE_DEBUG_INFO = NO;
				MTL_FAST_MATH = YES;
				SDKROOT = iphoneos;
				SWIFT_COMPILATION_MODE = wholemodule;
				SWIFT_OPTIMIZATION_LEVEL = "-O";
				VALIDATE_PRODUCT = YES;
			};
			name = Release;
		};
		9E38141526265D0700DBE310 /* Debug */ = {
			isa = XCBuildConfiguration;
			buildSettings = {
				ASSETCATALOG_COMPILER_APPICON_NAME = AppIcon;
				ASSETCATALOG_COMPILER_GLOBAL_ACCENT_COLOR_NAME = AccentColor;
				CODE_SIGN_STYLE = Automatic;
				DEVELOPMENT_ASSET_PATHS = "\"BonkLink/Preview Content\"";
				DEVELOPMENT_TEAM = 2VQ4V4SA47;
				ENABLE_PREVIEWS = YES;
				INFOPLIST_FILE = BonkLink/Info.plist;
				IPHONEOS_DEPLOYMENT_TARGET = 14.0;
				LD_RUNPATH_SEARCH_PATHS = (
					"$(inherited)",
					"@executable_path/Frameworks",
				);
				PRODUCT_BUNDLE_IDENTIFIER = bonkLink.BonkLink;
				PRODUCT_NAME = "$(TARGET_NAME)";
				SWIFT_VERSION = 5.0;
				TARGETED_DEVICE_FAMILY = "1,2";
			};
			name = Debug;
		};
		9E38141626265D0700DBE310 /* Release */ = {
			isa = XCBuildConfiguration;
			buildSettings = {
				ASSETCATALOG_COMPILER_APPICON_NAME = AppIcon;
				ASSETCATALOG_COMPILER_GLOBAL_ACCENT_COLOR_NAME = AccentColor;
				CODE_SIGN_STYLE = Automatic;
				DEVELOPMENT_ASSET_PATHS = "\"BonkLink/Preview Content\"";
				DEVELOPMENT_TEAM = 2VQ4V4SA47;
				ENABLE_PREVIEWS = YES;
				INFOPLIST_FILE = BonkLink/Info.plist;
				IPHONEOS_DEPLOYMENT_TARGET = 14.0;
				LD_RUNPATH_SEARCH_PATHS = (
					"$(inherited)",
					"@executable_path/Frameworks",
				);
				PRODUCT_BUNDLE_IDENTIFIER = bonkLink.BonkLink;
				PRODUCT_NAME = "$(TARGET_NAME)";
				SWIFT_VERSION = 5.0;
				TARGETED_DEVICE_FAMILY = "1,2";
			};
			name = Release;
		};
/* End XCBuildConfiguration section */

/* Begin XCConfigurationList section */
		9E38140026265D0600DBE310 /* Build configuration list for PBXProject "BonkLink" */ = {
			isa = XCConfigurationList;
			buildConfigurations = (
				9E38141226265D0700DBE310 /* Debug */,
				9E38141326265D0700DBE310 /* Release */,
			);
			defaultConfigurationIsVisible = 0;
			defaultConfigurationName = Release;
		};
		9E38141426265D0700DBE310 /* Build configuration list for PBXNativeTarget "BonkLink" */ = {
			isa = XCConfigurationList;
			buildConfigurations = (
				9E38141526265D0700DBE310 /* Debug */,
				9E38141626265D0700DBE310 /* Release */,
			);
			defaultConfigurationIsVisible = 0;
			defaultConfigurationName = Release;
		};
/* End XCConfigurationList section */

/* Begin XCRemoteSwiftPackageReference section */
		9E381418262661C700DBE310 /* XCRemoteSwiftPackageReference "realm-cocoa" */ = {
			isa = XCRemoteSwiftPackageReference;
			repositoryURL = "https://github.com/realm/realm-cocoa";
			requirement = {
				kind = upToNextMajorVersion;
				minimumVersion = 10.7.2;
			};
		};
/* End XCRemoteSwiftPackageReference section */

/* Begin XCSwiftPackageProductDependency section */
		9E381419262661C700DBE310 /* Realm */ = {
			isa = XCSwiftPackageProductDependency;
			package = 9E381418262661C700DBE310 /* XCRemoteSwiftPackageReference "realm-cocoa" */;
			productName = Realm;
		};
		9E38141B262661C700DBE310 /* RealmSwift */ = {
			isa = XCSwiftPackageProductDependency;
			package = 9E381418262661C700DBE310 /* XCRemoteSwiftPackageReference "realm-cocoa" */;
			productName = RealmSwift;
		};
/* End XCSwiftPackageProductDependency section */
	};
	rootObject = 9E3813FD26265D0600DBE310 /* Project object */;
}
